{
  "originHash" : "61c5f6e5b0bf1e145ccada78a69acf42a79ac9da727984a65e4517dc4667671f",
  "pins" : [
    {
      "identity" : "litert-lm",
      "kind" : "remoteSourceControl",
      "location" : "https://github.com/google-ai-edge/LiteRT-LM",
      "state" : {
        "branch" : "main",
        "revision" : "f60be57ea0eea46719ccbb1b3d8f4b684f22b47a"
      }
    }
  ],
  "version" : 3
}
